
Microsoft Visual Studio Solution File, Format Version 12.00
# Visual Studio Version 16
VisualStudioVersion = 16.0.31702.278
MinimumVisualStudioVersion = 10.0.40219.1
Project("{9A19103F-16F7-4668-BE54-9A1E7A4F7556}") = "F1Driver-Front", "F1Driver-Front\F1Driver-Front.csproj", "{2B64FD1B-575E-4EB6-ACDB-18CB0F582FC5}"
EndProject
Project("{9A19103F-16F7-4668-BE54-9A1E7A4F7556}") = "BusinessLayer", "BusinessLayer\BusinessLayer.csproj", "{D29B1E5E-EB23-4DF7-846D-3ED0A5CAC141}"
EndProject
Project("{9A19103F-16F7-4668-BE54-9A1E7A4F7556}") = "DataLayer", "DataLayer\DataLayer.csproj", "{03FF302D-7A69-4C09-8015-A59895E10CE2}"
EndProject
Project("{9A19103F-16F7-4668-BE54-9A1E7A4F7556}") = "ModelLayer", "ModelLayer\ModelLayer.csproj", "{191C8766-9CEA-41A5-8483-F91BC4C2F30F}"
EndProject
Project("{9A19103F-16F7-4668-BE54-9A1E7A4F7556}") = "F1DriverBack", "F1DriverBack\F1DriverBack.csproj", "{0B0A29A8-0D48-4B6A-BB8E-2BC9C20FC55B}"
EndProject
Global
	GlobalSection(SolutionConfigurationPlatforms) = preSolution
		Debug|Any CPU = Debug|Any CPU
		Release|Any CPU = Release|Any CPU
	EndGlobalSection
	GlobalSection(ProjectConfigurationPlatforms) = postSolution
		{2B64FD1B-575E-4EB6-ACDB-18CB0F582FC5}.Debug|Any CPU.ActiveCfg = Debug|Any CPU
		{2B64FD1B-575E-4EB6-ACDB-18CB0F582FC5}.Debug|Any CPU.Build.0 = Debug|Any CPU
		{2B64FD1B-575E-4EB6-ACDB-18CB0F582FC5}.Release|Any CPU.ActiveCfg = Release|Any CPU
		{2B64FD1B-575E-4EB6-ACDB-18CB0F582FC5}.Release|Any CPU.Build.0 = Release|Any CPU
		{D29B1E5E-EB23-4DF7-846D-3ED0A5CAC141}.Debug|Any CPU.ActiveCfg = Debug|Any CPU
		{D29B1E5E-EB23-4DF7-846D-3ED0A5CAC141}.Debug|Any CPU.Build.0 = Debug|Any CPU
		{D29B1E5E-EB23-4DF7-846D-3ED0A5CAC141}.Release|Any CPU.ActiveCfg = Release|Any CPU
		{D29B1E5E-EB23-4DF7-846D-3ED0A5CAC141}.Release|Any CPU.Build.0 = Release|Any CPU
		{03FF302D-7A69-4C09-8015-A59895E10CE2}.Debug|Any CPU.ActiveCfg = Debug|Any CPU
		{03FF302D-7A69-4C09-8015-A59895E10CE2}.Debug|Any CPU.Build.0 = Debug|Any CPU
		{03FF302D-7A69-4C09-8015-A59895E10CE2}.Release|Any CPU.ActiveCfg = Release|Any CPU
		{03FF302D-7A69-4C09-8015-A59895E10CE2}.Release|Any CPU.Build.0 = Release|Any CPU
		{191C8766-9CEA-41A5-8483-F91BC4C2F30F}.Debug|Any CPU.ActiveCfg = Debug|Any CPU
		{191C8766-9CEA-41A5-8483-F91BC4C2F30F}.Debug|Any CPU.Build.0 = Debug|Any CPU
		{191C8766-9CEA-41A5-8483-F91BC4C2F30F}.Release|Any CPU.ActiveCfg = Release|Any CPU
		{191C8766-9CEA-41A5-8483-F91BC4C2F30F}.Release|Any CPU.Build.0 = Release|Any CPU
		{0B0A29A8-0D48-4B6A-BB8E-2BC9C20FC55B}.Debug|Any CPU.ActiveCfg = Debug|Any CPU
		{0B0A29A8-0D48-4B6A-BB8E-2BC9C20FC55B}.Debug|Any CPU.Build.0 = Debug|Any CPU
		{0B0A29A8-0D48-4B6A-BB8E-2BC9C20FC55B}.Release|Any CPU.ActiveCfg = Release|Any CPU
		{0B0A29A8-0D48-4B6A-BB8E-2BC9C20FC55B}.Release|Any CPU.Build.0 = Release|Any CPU
	EndGlobalSection
	GlobalSection(SolutionProperties) = preSolution
		HideSolutionNode = FALSE
	EndGlobalSection
	GlobalSection(ExtensibilityGlobals) = postSolution
		SolutionGuid = {9616CAAC-3038-447A-A5A3-7C3FFB9881D9}
	EndGlobalSection
EndGlobal
